
Microsoft Visual Studio Solution File, Format Version 12.00
# Visual Studio Version 16
VisualStudioVersion = 16.0.29411.108
MinimumVisualStudioVersion = 10.0.40219.1
Project("{FAE04EC0-301F-11D3-BF4B-00C04F79EFBC}") = "ConsoleApp1", "ConsoleApp1.csproj", "{0EA0D818-2BF6-4308-A7EF-8DCD18D9B883}"
EndProject
Global
	GlobalSection(SolutionConfigurationPlatforms) = preSolution
		Debug|Any CPU = Debug|Any CPU
		Release|Any CPU = Release|Any CPU
	EndGlobalSection
	GlobalSection(ProjectConfigurationPlatforms) = postSolution
		{0EA0D818-2BF6-4308-A7EF-8DCD18D9B883}.Debug|Any CPU.ActiveCfg = Debug|Any CPU
		{0EA0D818-2BF6-4308-A7EF-8DCD18D9B883}.Debug|Any CPU.Build.0 = Debug|Any CPU
		{0EA0D818-2BF6-4308-A7EF-8DCD18D9B883}.Release|Any CPU.ActiveCfg = Release|Any CPU
		{0EA0D818-2BF6-4308-A7EF-8DCD18D9B883}.Release|Any CPU.Build.0 = Release|Any CPU
	EndGlobalSection
	GlobalSection(SolutionProperties) = preSolution
		HideSolutionNode = FALSE
	EndGlobalSection
	GlobalSection(ExtensibilityGlobals) = postSolution
		SolutionGuid = {EA6DE260-A343-4A0F-B18D-67793437FD4B}
	EndGlobalSection
EndGlobal
